%{
  "dialyxir": {:hex, :dialyxir, "1.1.0", "c5aab0d6e71e5522e77beff7ba9e08f8e02bad90dfbeffae60eaf0cb47e29488", [:mix], [{:erlex, ">= 0.2.6", [hex: :erlex, repo: "hexpm", optional: false]}], "hexpm", "07ea8e49c45f15264ebe6d5b93799d4dd56a44036cf42d0ad9c960bc266c0b9a"},
  "earmark_parser": {:hex, :earmark_parser, "1.4.18", "e1b2be73eb08a49fb032a0208bf647380682374a725dfb5b9e510def8397f6f2", [:mix], [], "hexpm", "114a0e85ec3cf9e04b811009e73c206394ffecfcc313e0b346de0d557774ee97"},
  "erlex": {:hex, :erlex, "0.2.6", "c7987d15e899c7a2f34f5420d2a2ea0d659682c06ac607572df55a43753aa12e", [:mix], [], "hexpm", "2ed2e25711feb44d52b17d2780eabf998452f6efda104877a3881c2f8c0c0c75"},
  "ex_doc": {:hex, :ex_doc, "0.26.0", "1922164bac0b18b02f84d6f69cab1b93bc3e870e2ad18d5dacb50a9e06b542a3", [:mix], [{:earmark_parser, "~> 1.4.0", [hex: :earmark_parser, repo: "hexpm", optional: false]}, {:makeup_elixir, "~> 0.14", [hex: :makeup_elixir, repo: "hexpm", optional: false]}, {:makeup_erlang, "~> 0.1", [hex: :makeup_erlang, repo: "hexpm", optional: false]}], "hexpm", "2775d66e494a9a48355db7867478ffd997864c61c65a47d31c4949459281c78d"},
  "io_ansi_plus": {:hex, :io_ansi_plus, "0.1.35", "18394c97b53c9ad1eebca987c6e97032e884f38d1337077ff321b43516e885c9", [:mix], [{:persist_config, "~> 0.4", [hex: :persist_config, repo: "hexpm", optional: false]}], "hexpm", "731ace4b98b58ee096212654a653b2f582b2fdb977f6b76f57817058bf6c5de5"},
  "islands_board": {:hex, :islands_board, "0.1.25", "0f10c5ea6ef325bda7c4a3470ae39296c65f5c46f22331ff18c57565af3eb545", [:mix], [{:islands_coord, "~> 0.1", [hex: :islands_coord, repo: "hexpm", optional: false]}, {:islands_island, "~> 0.1", [hex: :islands_island, repo: "hexpm", optional: false]}, {:jason, "~> 1.0", [hex: :jason, repo: "hexpm", optional: false]}, {:poison, "~> 5.0", [hex: :poison, repo: "hexpm", optional: false]}], "hexpm", "458e852583dcd949fee6a0fb4d7ea6bd8b8d8462514cdc910a330862f33df081"},
  "islands_coord": {:hex, :islands_coord, "0.1.26", "b67323d39691937ee1d344152b7983393a897fc2d534aad463e31fd64002678b", [:mix], [{:jason, "~> 1.0", [hex: :jason, repo: "hexpm", optional: false]}, {:poison, "~> 5.0", [hex: :poison, repo: "hexpm", optional: false]}], "hexpm", "433cbdb8b02d5f97e21c4eb33da4ee7bee417136433741ffb75ec1dd2af0e87d"},
  "islands_guesses": {:hex, :islands_guesses, "0.1.24", "43dbcccdcaa2a4d7ebf2446c8218ca298e00157152d0b0b430e2a5f903c2ec4e", [:mix], [{:islands_coord, "~> 0.1", [hex: :islands_coord, repo: "hexpm", optional: false]}, {:islands_island, "~> 0.1", [hex: :islands_island, repo: "hexpm", optional: false]}, {:jason, "~> 1.0", [hex: :jason, repo: "hexpm", optional: false]}, {:poison, "~> 5.0", [hex: :poison, repo: "hexpm", optional: false]}], "hexpm", "0773e8ea2b556e23aa7027f9da3c042436f144bbe08fcdef6b05717372fe1cd4"},
  "islands_island": {:hex, :islands_island, "0.1.27", "961915f37007a87b07e599d0a6dd89c0372eae24ba27ec21aeac6da839d8d0a7", [:mix], [{:islands_coord, "~> 0.1", [hex: :islands_coord, repo: "hexpm", optional: false]}, {:jason, "~> 1.0", [hex: :jason, repo: "hexpm", optional: false]}, {:poison, "~> 5.0", [hex: :poison, repo: "hexpm", optional: false]}], "hexpm", "a3bf9052a35f63d1549d5ff6ea2acb81b7e8f6b897cc188b48cd37a33cdc6842"},
  "jason": {:hex, :jason, "1.3.0", "fa6b82a934feb176263ad2df0dbd91bf633d4a46ebfdffea0c8ae82953714946", [:mix], [{:decimal, "~> 1.0 or ~> 2.0", [hex: :decimal, repo: "hexpm", optional: true]}], "hexpm", "53fc1f51255390e0ec7e50f9cb41e751c260d065dcba2bf0d08dc51a4002c2ac"},
  "makeup": {:hex, :makeup, "1.0.5", "d5a830bc42c9800ce07dd97fa94669dfb93d3bf5fcf6ea7a0c67b2e0e4a7f26c", [:mix], [{:nimble_parsec, "~> 0.5 or ~> 1.0", [hex: :nimble_parsec, repo: "hexpm", optional: false]}], "hexpm", "cfa158c02d3f5c0c665d0af11512fed3fba0144cf1aadee0f2ce17747fba2ca9"},
  "makeup_elixir": {:hex, :makeup_elixir, "0.15.2", "dc72dfe17eb240552857465cc00cce390960d9a0c055c4ccd38b70629227e97c", [:mix], [{:makeup, "~> 1.0", [hex: :makeup, repo: "hexpm", optional: false]}, {:nimble_parsec, "~> 1.1", [hex: :nimble_parsec, repo: "hexpm", optional: false]}], "hexpm", "fd23ae48d09b32eff49d4ced2b43c9f086d402ee4fd4fcb2d7fad97fa8823e75"},
  "makeup_erlang": {:hex, :makeup_erlang, "0.1.1", "3fcb7f09eb9d98dc4d208f49cc955a34218fc41ff6b84df7c75b3e6e533cc65f", [:mix], [{:makeup, "~> 1.0", [hex: :makeup, repo: "hexpm", optional: false]}], "hexpm", "174d0809e98a4ef0b3309256cbf97101c6ec01c4ab0b23e926a9e17df2077cbb"},
  "nimble_parsec": {:hex, :nimble_parsec, "1.2.0", "b44d75e2a6542dcb6acf5d71c32c74ca88960421b6874777f79153bbbbd7dccc", [:mix], [], "hexpm", "52b2871a7515a5ac49b00f214e4165a40724cf99798d8e4a65e4fd64ebd002c1"},
  "persist_config": {:hex, :persist_config, "0.4.19", "cd07fcca7c44131af0962c17952a5f2e72062878fcf0952125be41a42860abe1", [:mix], [], "hexpm", "b8cf896afcd34d876fe09fd62d24e6cc5f3c764d7f909de32a4ffe57bcdf6c23"},
  "poison": {:hex, :poison, "5.0.0", "d2b54589ab4157bbb82ec2050757779bfed724463a544b6e20d79855a9e43b24", [:mix], [{:decimal, "~> 2.0", [hex: :decimal, repo: "hexpm", optional: true]}], "hexpm", "11dc6117c501b80c62a7594f941d043982a1bd05a1184280c0d9166eb4d8d3fc"},
}
