%{
  "dialyxir": {:hex, :dialyxir, "1.0.0", "6a1fa629f7881a9f5aaf3a78f094b2a51a0357c843871b8bc98824e7342d00a5", [:mix], [{:erlex, ">= 0.2.6", [hex: :erlex, repo: "hexpm", optional: false]}], "hexpm", "aeb06588145fac14ca08d8061a142d52753dbc2cf7f0d00fc1013f53f8654654"},
  "earmark_parser": {:hex, :earmark_parser, "1.4.10", "6603d7a603b9c18d3d20db69921527f82ef09990885ed7525003c7fe7dc86c56", [:mix], [], "hexpm", "8e2d5370b732385db2c9b22215c3f59c84ac7dda7ed7e544d7c459496ae519c0"},
  "erlex": {:hex, :erlex, "0.2.6", "c7987d15e899c7a2f34f5420d2a2ea0d659682c06ac607572df55a43753aa12e", [:mix], [], "hexpm", "2ed2e25711feb44d52b17d2780eabf998452f6efda104877a3881c2f8c0c0c75"},
  "ex_doc": {:hex, :ex_doc, "0.23.0", "a069bc9b0bf8efe323ecde8c0d62afc13d308b1fa3d228b65bca5cf8703a529d", [:mix], [{:earmark_parser, "~> 1.4.0", [hex: :earmark_parser, repo: "hexpm", optional: false]}, {:makeup_elixir, "~> 0.14", [hex: :makeup_elixir, repo: "hexpm", optional: false]}], "hexpm", "f5e2c4702468b2fd11b10d39416ddadd2fcdd173ba2a0285ebd92c39827a5a16"},
  "io_ansi_plus": {:hex, :io_ansi_plus, "0.1.26", "4ec57d5a4112ee5e0384d94d302f586d594e6615304a4b836e1e1500137b20a5", [:mix], [{:persist_config, "~> 0.4", [hex: :persist_config, repo: "hexpm", optional: false]}], "hexpm", "b77164ec741be953c13e368c71c92c001842be654f045452ae8cd820e64d3ef3"},
  "islands_board": {:hex, :islands_board, "0.1.14", "320b24b401f91b5d1a8cb863ee20e2e4ea805c8f79739f90f7f651b80f0a4b40", [:mix], [{:islands_config, "~> 0.1", [hex: :islands_config, repo: "hexpm", optional: false]}, {:islands_coord, "~> 0.1", [hex: :islands_coord, repo: "hexpm", optional: false]}, {:islands_island, "~> 0.1", [hex: :islands_island, repo: "hexpm", optional: false]}, {:jason, "~> 1.0", [hex: :jason, repo: "hexpm", optional: false]}, {:poison, "~> 4.0", [hex: :poison, repo: "hexpm", optional: false]}], "hexpm", "5c88c8112e28957cde4ccfc26473dc0012a55a7d91d4e2ede8ec908aef723dfd"},
  "islands_config": {:hex, :islands_config, "0.1.3", "82324667a54d02858f88ca996c1a9865ac23424274e39dbe2b94651283295cae", [:mix], [{:persist_config, "~> 0.4", [hex: :persist_config, repo: "hexpm", optional: false]}], "hexpm", "5c6c7268a41d70b69a9accbae43582a2879af787a07bf891861df04664fbb01e"},
  "islands_coord": {:hex, :islands_coord, "0.1.14", "0eaca8fafbfa8d7c432d1ef92f7c6e7bc54798b8a09a52b4e1feb8e705d5c466", [:mix], [{:islands_config, "~> 0.1", [hex: :islands_config, repo: "hexpm", optional: false]}, {:jason, "~> 1.0", [hex: :jason, repo: "hexpm", optional: false]}, {:poison, "~> 4.0", [hex: :poison, repo: "hexpm", optional: false]}], "hexpm", "a7ea8a7abe0077cd7451b688e0b1052d6386afc8ba46accea415697020410439"},
  "islands_guesses": {:hex, :islands_guesses, "0.1.15", "62131b0ecef64fdcbafb3f3e84fd24142ea1436176950dc4aa34ffb3e247abeb", [:mix], [{:islands_config, "~> 0.1", [hex: :islands_config, repo: "hexpm", optional: false]}, {:islands_coord, "~> 0.1", [hex: :islands_coord, repo: "hexpm", optional: false]}, {:islands_island, "~> 0.1", [hex: :islands_island, repo: "hexpm", optional: false]}, {:jason, "~> 1.0", [hex: :jason, repo: "hexpm", optional: false]}, {:poison, "~> 4.0", [hex: :poison, repo: "hexpm", optional: false]}], "hexpm", "3fd836a16d578a2e5be5d07901ca174f649036eaab052ba91be32281c7fa5b9a"},
  "islands_island": {:hex, :islands_island, "0.1.14", "f165ed3aee35a5b6dd08cb40b6dc6593223e404714fe034f9561738eb2440a02", [:mix], [{:islands_config, "~> 0.1", [hex: :islands_config, repo: "hexpm", optional: false]}, {:islands_coord, "~> 0.1", [hex: :islands_coord, repo: "hexpm", optional: false]}, {:jason, "~> 1.0", [hex: :jason, repo: "hexpm", optional: false]}, {:poison, "~> 4.0", [hex: :poison, repo: "hexpm", optional: false]}], "hexpm", "42cc96b081a293f710247320cabc7ef340c351c27ca0c3d66ce79fcfcecab2b8"},
  "jason": {:hex, :jason, "1.2.2", "ba43e3f2709fd1aa1dce90aaabfd039d000469c05c56f0b8e31978e03fa39052", [:mix], [{:decimal, "~> 1.0 or ~> 2.0", [hex: :decimal, repo: "hexpm", optional: true]}], "hexpm", "18a228f5f0058ee183f29f9eae0805c6e59d61c3b006760668d8d18ff0d12179"},
  "makeup": {:hex, :makeup, "1.0.5", "d5a830bc42c9800ce07dd97fa94669dfb93d3bf5fcf6ea7a0c67b2e0e4a7f26c", [:mix], [{:nimble_parsec, "~> 0.5 or ~> 1.0", [hex: :nimble_parsec, repo: "hexpm", optional: false]}], "hexpm", "cfa158c02d3f5c0c665d0af11512fed3fba0144cf1aadee0f2ce17747fba2ca9"},
  "makeup_elixir": {:hex, :makeup_elixir, "0.15.0", "98312c9f0d3730fde4049985a1105da5155bfe5c11e47bdc7406d88e01e4219b", [:mix], [{:makeup, "~> 1.0", [hex: :makeup, repo: "hexpm", optional: false]}, {:nimble_parsec, "~> 1.1", [hex: :nimble_parsec, repo: "hexpm", optional: false]}], "hexpm", "75ffa34ab1056b7e24844c90bfc62aaf6f3a37a15faa76b07bc5eba27e4a8b4a"},
  "mix_tasks": {:git, "https://github.com/RaymondLoranger/mix_tasks.git", "c439d77a8af08d8e1dd9ffe9a172e1a4d1a5cb81", []},
  "nimble_parsec": {:hex, :nimble_parsec, "1.1.0", "3a6fca1550363552e54c216debb6a9e95bd8d32348938e13de5eda962c0d7f89", [:mix], [], "hexpm", "08eb32d66b706e913ff748f11694b17981c0b04a33ef470e33e11b3d3ac8f54b"},
  "persist_config": {:hex, :persist_config, "0.4.5", "c5fbaa7f511126951527d3295b661b14e8bf63e37b06f3c9ef6269a3b5ac36d4", [:mix], [], "hexpm", "8d750ce98a868448378f074304feb63fb7d2975b5836b3f62a41d30e1740c17e"},
  "poison": {:hex, :poison, "4.0.1", "bcb755a16fac91cad79bfe9fc3585bb07b9331e50cfe3420a24bcc2d735709ae", [:mix], [], "hexpm", "ba8836feea4b394bb718a161fc59a288fe0109b5006d6bdf97b6badfcf6f0f25"},
}
